// !$*UTF8*$!
{
	archiveVersion = 1;
	classes = {
	};
	objectVersion = 50;
	objects = {

/* Begin PBXBuildFile section */
		991D3875242C39DB0050C4C7 /* Makefile in Sources */ = {isa = PBXBuildFile; fileRef = 991D3870242C39DB0050C4C7 /* Makefile */; };
		997D57DF23FFF9BC009A7290 /* libsfml-audio.2.5.1.dylib in Frameworks */ = {isa = PBXBuildFile; fileRef = 990CBC6423FFEC61000C4C83 /* libsfml-audio.2.5.1.dylib */; };
		997D57E023FFF9BC009A7290 /* libsfml-graphics.2.5.1.dylib in Frameworks */ = {isa = PBXBuildFile; fileRef = 990CBC6123FFEC61000C4C83 /* libsfml-graphics.2.5.1.dylib */; };
		997D57E123FFF9BC009A7290 /* libsfml-network.2.5.1.dylib in Frameworks */ = {isa = PBXBuildFile; fileRef = 990CBC6023FFEC61000C4C83 /* libsfml-network.2.5.1.dylib */; };
		997D57E223FFF9BC009A7290 /* libsfml-system.2.5.1.dylib in Frameworks */ = {isa = PBXBuildFile; fileRef = 990CBC6323FFEC61000C4C83 /* libsfml-system.2.5.1.dylib */; };
		997D57E323FFF9BC009A7290 /* libsfml-window.2.5.1.dylib in Frameworks */ = {isa = PBXBuildFile; fileRef = 990CBC6223FFEC61000C4C83 /* libsfml-window.2.5.1.dylib */; };
/* End PBXBuildFile section */

/* Begin PBXCopyFilesBuildPhase section */
		9927578723FFEA0600E15AC4 /* Copy Files */ = {
			isa = PBXCopyFilesBuildPhase;
			buildActionMask = 2147483647;
			dstPath = /usr/share/man/man1/;
			dstSubfolderSpec = 0;
			files = (
			);
			name = "Copy Files";
			runOnlyForDeploymentPostprocessing = 1;
		};
/* End PBXCopyFilesBuildPhase section */

/* Begin PBXFileReference section */
		990CBC6023FFEC61000C4C83 /* libsfml-network.2.5.1.dylib */ = {isa = PBXFileReference; lastKnownFileType = "compiled.mach-o.dylib"; name = "libsfml-network.2.5.1.dylib"; path = "SFML/lib/libsfml-network.2.5.1.dylib"; sourceTree = "<group>"; };
		990CBC6123FFEC61000C4C83 /* libsfml-graphics.2.5.1.dylib */ = {isa = PBXFileReference; lastKnownFileType = "compiled.mach-o.dylib"; name = "libsfml-graphics.2.5.1.dylib"; path = "SFML/lib/libsfml-graphics.2.5.1.dylib"; sourceTree = "<group>"; };
		990CBC6223FFEC61000C4C83 /* libsfml-window.2.5.1.dylib */ = {isa = PBXFileReference; lastKnownFileType = "compiled.mach-o.dylib"; name = "libsfml-window.2.5.1.dylib"; path = "SFML/lib/libsfml-window.2.5.1.dylib"; sourceTree = "<group>"; };
		990CBC6323FFEC61000C4C83 /* libsfml-system.2.5.1.dylib */ = {isa = PBXFileReference; lastKnownFileType = "compiled.mach-o.dylib"; name = "libsfml-system.2.5.1.dylib"; path = "SFML/lib/libsfml-system.2.5.1.dylib"; sourceTree = "<group>"; };
		990CBC6423FFEC61000C4C83 /* libsfml-audio.2.5.1.dylib */ = {isa = PBXFileReference; lastKnownFileType = "compiled.mach-o.dylib"; name = "libsfml-audio.2.5.1.dylib"; path = "SFML/lib/libsfml-audio.2.5.1.dylib"; sourceTree = "<group>"; };
		991D3870242C39DB0050C4C7 /* Makefile */ = {isa = PBXFileReference; fileEncoding = 4; lastKnownFileType = sourcecode.make; path = Makefile; sourceTree = "<group>"; };
		991D3871242C39DB0050C4C7 /* resources */ = {isa = PBXFileReference; lastKnownFileType = folder; path = resources; sourceTree = "<group>"; };
		991D3872242C39DB0050C4C7 /* sound */ = {isa = PBXFileReference; lastKnownFileType = folder; path = sound; sourceTree = "<group>"; };
		991D3873242C39DB0050C4C7 /* src */ = {isa = PBXFileReference; lastKnownFileType = folder; path = src; sourceTree = "<group>"; };
		991D3874242C39DB0050C4C7 /* main.out */ = {isa = PBXFileReference; lastKnownFileType = "compiled.mach-o.executable"; path = main.out; sourceTree = "<group>"; };
		9927578923FFEA0600E15AC4 /* Pong2 */ = {isa = PBXFileReference; explicitFileType = "compiled.mach-o.executable"; includeInIndex = 0; path = Pong2; sourceTree = BUILT_PRODUCTS_DIR; };
		994D53E2241A553B00E75C8A /* .gitignore */ = {isa = PBXFileReference; fileEncoding = 4; lastKnownFileType = text; path = .gitignore; sourceTree = SOURCE_ROOT; };
		994E31EF2414DC9E00099034 /* README.md */ = {isa = PBXFileReference; fileEncoding = 4; lastKnownFileType = net.daringfireball.markdown; path = README.md; sourceTree = SOURCE_ROOT; };
/* End PBXFileReference section */

/* Begin PBXFrameworksBuildPhase section */
		9927578623FFEA0600E15AC4 /* Frameworks */ = {
			isa = PBXFrameworksBuildPhase;
			buildActionMask = 2147483647;
			files = (
				997D57DF23FFF9BC009A7290 /* libsfml-audio.2.5.1.dylib in Frameworks */,
				997D57E023FFF9BC009A7290 /* libsfml-graphics.2.5.1.dylib in Frameworks */,
				997D57E123FFF9BC009A7290 /* libsfml-network.2.5.1.dylib in Frameworks */,
				997D57E223FFF9BC009A7290 /* libsfml-system.2.5.1.dylib in Frameworks */,
				997D57E323FFF9BC009A7290 /* libsfml-window.2.5.1.dylib in Frameworks */,
			);
			runOnlyForDeploymentPostprocessing = 0;
		};
/* End PBXFrameworksBuildPhase section */

/* Begin PBXGroup section */
		990CBC5F23FFEC61000C4C83 /* Frameworks */ = {
			isa = PBXGroup;
			children = (
				990CBC6423FFEC61000C4C83 /* libsfml-audio.2.5.1.dylib */,
				990CBC6123FFEC61000C4C83 /* libsfml-graphics.2.5.1.dylib */,
				990CBC6023FFEC61000C4C83 /* libsfml-network.2.5.1.dylib */,
				990CBC6323FFEC61000C4C83 /* libsfml-system.2.5.1.dylib */,
				990CBC6223FFEC61000C4C83 /* libsfml-window.2.5.1.dylib */,
			);
			name = Frameworks;
			sourceTree = "<group>";
		};
		9927578023FFEA0600E15AC4 = {
			isa = PBXGroup;
			children = (
				9927578B23FFEA0600E15AC4 /* Pong2 */,
				9927578A23FFEA0600E15AC4 /* Products */,
				990CBC5F23FFEC61000C4C83 /* Frameworks */,
			);
			sourceTree = "<group>";
		};
		9927578A23FFEA0600E15AC4 /* Products */ = {
			isa = PBXGroup;
			children = (
				9927578923FFEA0600E15AC4 /* Pong2 */,
			);
			name = Products;
			sourceTree = "<group>";
		};
		9927578B23FFEA0600E15AC4 /* Pong2 */ = {
			isa = PBXGroup;
			children = (
				991D3874242C39DB0050C4C7 /* main.out */,
				991D3870242C39DB0050C4C7 /* Makefile */,
				991D3871242C39DB0050C4C7 /* resources */,
				991D3872242C39DB0050C4C7 /* sound */,
				991D3873242C39DB0050C4C7 /* src */,
				994D53E2241A553B00E75C8A /* .gitignore */,
				994E31EF2414DC9E00099034 /* README.md */,
			);
			path = Pong2;
			sourceTree = "<group>";
		};
/* End PBXGroup section */

/* Begin PBXNativeTarget section */
		9927578823FFEA0600E15AC4 /* Pong2 */ = {
			isa = PBXNativeTarget;
			buildConfigurationList = 9927579023FFEA0600E15AC4 /* Build configuration list for PBXNativeTarget "Pong2" */;
			buildPhases = (
				9927578523FFEA0600E15AC4 /* Sources */,
				9927578623FFEA0600E15AC4 /* Frameworks */,
				9927578723FFEA0600E15AC4 /* Copy Files */,
			);
			buildRules = (
			);
			dependencies = (
			);
			name = Pong2;
			productName = "SFML Tutorial";
			productReference = 9927578923FFEA0600E15AC4 /* Pong2 */;
			productType = "com.apple.product-type.tool";
		};
/* End PBXNativeTarget section */

/* Begin PBXProject section */
		9927578123FFEA0600E15AC4 /* Project object */ = {
			isa = PBXProject;
			attributes = {
				LastUpgradeCheck = 1140;
				ORGANIZATIONNAME = "Mark Cardamis";
				TargetAttributes = {
					9927578823FFEA0600E15AC4 = {
						CreatedOnToolsVersion = 11.3.1;
					};
				};
			};
			buildConfigurationList = 9927578423FFEA0600E15AC4 /* Build configuration list for PBXProject "Pong2" */;
			compatibilityVersion = "Xcode 9.3";
			developmentRegion = en;
			hasScannedForEncodings = 0;
			knownRegions = (
				en,
				Base,
			);
			mainGroup = 9927578023FFEA0600E15AC4;
			productRefGroup = 9927578A23FFEA0600E15AC4 /* Products */;
			projectDirPath = "";
			projectRoot = "";
			targets = (
				9927578823FFEA0600E15AC4 /* Pong2 */,
			);
		};
/* End PBXProject section */

/* Begin PBXSourcesBuildPhase section */
		9927578523FFEA0600E15AC4 /* Sources */ = {
			isa = PBXSourcesBuildPhase;
			buildActionMask = 2147483647;
			files = (
				991D3875242C39DB0050C4C7 /* Makefile in Sources */,
			);
			runOnlyForDeploymentPostprocessing = 0;
		};
/* End PBXSourcesBuildPhase section */

/* Begin XCBuildConfiguration section */
		9927578E23FFEA0600E15AC4 /* Debug */ = {
			isa = XCBuildConfiguration;
			buildSettings = {
				ALWAYS_SEARCH_USER_PATHS = NO;
				CLANG_ANALYZER_NONNULL = YES;
				CLANG_ANALYZER_NUMBER_OBJECT_CONVERSION = YES_AGGRESSIVE;
				CLANG_CXX_LANGUAGE_STANDARD = "c++14";
				CLANG_CXX_LIBRARY = "libc++";
				CLANG_ENABLE_MODULES = YES;
				CLANG_ENABLE_OBJC_ARC = YES;
				CLANG_ENABLE_OBJC_WEAK = YES;
				CLANG_WARN_BLOCK_CAPTURE_AUTORELEASING = YES;
				CLANG_WARN_BOOL_CONVERSION = YES;
				CLANG_WARN_COMMA = YES;
				CLANG_WARN_CONSTANT_CONVERSION = YES;
				CLANG_WARN_DEPRECATED_OBJC_IMPLEMENTATIONS = YES;
				CLANG_WARN_DIRECT_OBJC_ISA_USAGE = YES_ERROR;
				CLANG_WARN_DOCUMENTATION_COMMENTS = YES;
				CLANG_WARN_EMPTY_BODY = YES;
				CLANG_WARN_ENUM_CONVERSION = YES;
				CLANG_WARN_INFINITE_RECURSION = YES;
				CLANG_WARN_INT_CONVERSION = YES;
				CLANG_WARN_NON_LITERAL_NULL_CONVERSION = YES;
				CLANG_WARN_OBJC_IMPLICIT_RETAIN_SELF = YES;
				CLANG_WARN_OBJC_LITERAL_CONVERSION = YES;
				CLANG_WARN_OBJC_ROOT_CLASS = YES_ERROR;
				CLANG_WARN_RANGE_LOOP_ANALYSIS = YES;
				CLANG_WARN_STRICT_PROTOTYPES = YES;
				CLANG_WARN_SUSPICIOUS_MOVE = YES;
				CLANG_WARN_UNGUARDED_AVAILABILITY = YES_AGGRESSIVE;
				CLANG_WARN_UNREACHABLE_CODE = YES;
				CLANG_WARN__DUPLICATE_METHOD_MATCH = YES;
				COPY_PHASE_STRIP = NO;
				DEBUG_INFORMATION_FORMAT = dwarf;
				ENABLE_STRICT_OBJC_MSGSEND = YES;
				ENABLE_TESTABILITY = YES;
				GCC_C_LANGUAGE_STANDARD = gnu11;
				GCC_DYNAMIC_NO_PIC = NO;
				GCC_NO_COMMON_BLOCKS = YES;
				GCC_OPTIMIZATION_LEVEL = 0;
				GCC_PREPROCESSOR_DEFINITIONS = (
					"DEBUG=1",
					"$(inherited)",
				);
				GCC_WARN_64_TO_32_BIT_CONVERSION = YES;
				GCC_WARN_ABOUT_RETURN_TYPE = YES_ERROR;
				GCC_WARN_UNDECLARED_SELECTOR = YES;
				GCC_WARN_UNINITIALIZED_AUTOS = YES_AGGRESSIVE;
				GCC_WARN_UNUSED_FUNCTION = YES;
				GCC_WARN_UNUSED_VARIABLE = YES;
				MACOSX_DEPLOYMENT_TARGET = 10.15;
				MTL_ENABLE_DEBUG_INFO = INCLUDE_SOURCE;
				MTL_FAST_MATH = YES;
				ONLY_ACTIVE_ARCH = YES;
				SDKROOT = macosx;
			};
			name = Debug;
		};
		9927578F23FFEA0600E15AC4 /* Release */ = {
			isa = XCBuildConfiguration;
			buildSettings = {
				ALWAYS_SEARCH_USER_PATHS = NO;
				CLANG_ANALYZER_NONNULL = YES;
				CLANG_ANALYZER_NUMBER_OBJECT_CONVERSION = YES_AGGRESSIVE;
				CLANG_CXX_LANGUAGE_STANDARD = "c++14";
				CLANG_CXX_LIBRARY = "libc++";
				CLANG_ENABLE_MODULES = YES;
				CLANG_ENABLE_OBJC_ARC = YES;
				CLANG_ENABLE_OBJC_WEAK = YES;
				CLANG_WARN_BLOCK_CAPTURE_AUTORELEASING = YES;
				CLANG_WARN_BOOL_CONVERSION = YES;
				CLANG_WARN_COMMA = YES;
				CLANG_WARN_CONSTANT_CONVERSION = YES;
				CLANG_WARN_DEPRECATED_OBJC_IMPLEMENTATIONS = YES;
				CLANG_WARN_DIRECT_OBJC_ISA_USAGE = YES_ERROR;
				CLANG_WARN_DOCUMENTATION_COMMENTS = YES;
				CLANG_WARN_EMPTY_BODY = YES;
				CLANG_WARN_ENUM_CONVERSION = YES;
				CLANG_WARN_INFINITE_RECURSION = YES;
				CLANG_WARN_INT_CONVERSION = YES;
				CLANG_WARN_NON_LITERAL_NULL_CONVERSION = YES;
				CLANG_WARN_OBJC_IMPLICIT_RETAIN_SELF = YES;
				CLANG_WARN_OBJC_LITERAL_CONVERSION = YES;
				CLANG_WARN_OBJC_ROOT_CLASS = YES_ERROR;
				CLANG_WARN_RANGE_LOOP_ANALYSIS = YES;
				CLANG_WARN_STRICT_PROTOTYPES = YES;
				CLANG_WARN_SUSPICIOUS_MOVE = YES;
				CLANG_WARN_UNGUARDED_AVAILABILITY = YES_AGGRESSIVE;
				CLANG_WARN_UNREACHABLE_CODE = YES;
				CLANG_WARN__DUPLICATE_METHOD_MATCH = YES;
				COPY_PHASE_STRIP = NO;
				DEBUG_INFORMATION_FORMAT = "dwarf-with-dsym";
				ENABLE_NS_ASSERTIONS = NO;
				ENABLE_STRICT_OBJC_MSGSEND = YES;
				GCC_C_LANGUAGE_STANDARD = gnu11;
				GCC_NO_COMMON_BLOCKS = YES;
				GCC_WARN_64_TO_32_BIT_CONVERSION = YES;
				GCC_WARN_ABOUT_RETURN_TYPE = YES_ERROR;
				GCC_WARN_UNDECLARED_SELECTOR = YES;
				GCC_WARN_UNINITIALIZED_AUTOS = YES_AGGRESSIVE;
				GCC_WARN_UNUSED_FUNCTION = YES;
				GCC_WARN_UNUSED_VARIABLE = YES;
				MACOSX_DEPLOYMENT_TARGET = 10.15;
				MTL_ENABLE_DEBUG_INFO = NO;
				MTL_FAST_MATH = YES;
				SDKROOT = macosx;
			};
			name = Release;
		};
		9927579123FFEA0600E15AC4 /* Debug */ = {
			isa = XCBuildConfiguration;
			buildSettings = {
				CODE_SIGN_IDENTITY = "-";
				CODE_SIGN_STYLE = Automatic;
				HEADER_SEARCH_PATHS = "$(SRCROOT)/SFML/include";
				LIBRARY_SEARCH_PATHS = (
					"$(inherited)",
					"$(PROJECT_DIR)/SFML/lib",
				);
				PRODUCT_NAME = "$(TARGET_NAME)";
			};
			name = Debug;
		};
		9927579223FFEA0600E15AC4 /* Release */ = {
			isa = XCBuildConfiguration;
			buildSettings = {
				CODE_SIGN_IDENTITY = "-";
				CODE_SIGN_STYLE = Automatic;
				HEADER_SEARCH_PATHS = "$(SRCROOT)/SFML/include";
				LIBRARY_SEARCH_PATHS = (
					"$(inherited)",
					"$(PROJECT_DIR)/SFML/lib",
				);
				PRODUCT_NAME = "$(TARGET_NAME)";
			};
			name = Release;
		};
/* End XCBuildConfiguration section */

/* Begin XCConfigurationList section */
		9927578423FFEA0600E15AC4 /* Build configuration list for PBXProject "Pong2" */ = {
			isa = XCConfigurationList;
			buildConfigurations = (
				9927578E23FFEA0600E15AC4 /* Debug */,
				9927578F23FFEA0600E15AC4 /* Release */,
			);
			defaultConfigurationIsVisible = 0;
			defaultConfigurationName = Release;
		};
		9927579023FFEA0600E15AC4 /* Build configuration list for PBXNativeTarget "Pong2" */ = {
			isa = XCConfigurationList;
			buildConfigurations = (
				9927579123FFEA0600E15AC4 /* Debug */,
				9927579223FFEA0600E15AC4 /* Release */,
			);
			defaultConfigurationIsVisible = 0;
			defaultConfigurationName = Release;
		};
/* End XCConfigurationList section */
	};
	rootObject = 9927578123FFEA0600E15AC4 /* Project object */;
}
